
Microsoft Visual Studio Solution File, Format Version 12.00
# Visual Studio Version 17
VisualStudioVersion = 17.9.34723.18
MinimumVisualStudioVersion = 10.0.40219.1
Project("{FAE04EC0-301F-11D3-BF4B-00C04F79EFBC}") = "PDSA_2_CW", "PDSA_2_CW\PDSA_2_CW.csproj", "{368669E1-EDC1-4FB5-B9BE-12FEE5CAAA2C}"
EndProject
Global
	GlobalSection(SolutionConfigurationPlatforms) = preSolution
		Debug|Any CPU = Debug|Any CPU
		Release|Any CPU = Release|Any CPU
	EndGlobalSection
	GlobalSection(ProjectConfigurationPlatforms) = postSolution
		{368669E1-EDC1-4FB5-B9BE-12FEE5CAAA2C}.Debug|Any CPU.ActiveCfg = Debug|Any CPU
		{368669E1-EDC1-4FB5-B9BE-12FEE5CAAA2C}.Debug|Any CPU.Build.0 = Debug|Any CPU
		{368669E1-EDC1-4FB5-B9BE-12FEE5CAAA2C}.Release|Any CPU.ActiveCfg = Release|Any CPU
		{368669E1-EDC1-4FB5-B9BE-12FEE5CAAA2C}.Release|Any CPU.Build.0 = Release|Any CPU
	EndGlobalSection
	GlobalSection(SolutionProperties) = preSolution
		HideSolutionNode = FALSE
	EndGlobalSection
	GlobalSection(ExtensibilityGlobals) = postSolution
		SolutionGuid = {C02064BC-D727-44C7-B1E6-CA6ECB77D616}
	EndGlobalSection
EndGlobal
