
Microsoft Visual Studio Solution File, Format Version 12.00
# Visual Studio Version 17
VisualStudioVersion = 17.7.34031.279
MinimumVisualStudioVersion = 10.0.40219.1
Project("{FAE04EC0-301F-11D3-BF4B-00C04F79EFBC}") = "TicTacToeMinimax", "TicTacToeMinimax\TicTacToeMinimax.csproj", "{33708804-8717-491B-B9EC-7817412FA69E}"
EndProject
Global
	GlobalSection(SolutionConfigurationPlatforms) = preSolution
		Debug|Any CPU = Debug|Any CPU
		Release|Any CPU = Release|Any CPU
	EndGlobalSection
	GlobalSection(ProjectConfigurationPlatforms) = postSolution
		{33708804-8717-491B-B9EC-7817412FA69E}.Debug|Any CPU.ActiveCfg = Debug|Any CPU
		{33708804-8717-491B-B9EC-7817412FA69E}.Debug|Any CPU.Build.0 = Debug|Any CPU
		{33708804-8717-491B-B9EC-7817412FA69E}.Release|Any CPU.ActiveCfg = Release|Any CPU
		{33708804-8717-491B-B9EC-7817412FA69E}.Release|Any CPU.Build.0 = Release|Any CPU
	EndGlobalSection
	GlobalSection(SolutionProperties) = preSolution
		HideSolutionNode = FALSE
	EndGlobalSection
	GlobalSection(ExtensibilityGlobals) = postSolution
		SolutionGuid = {50259A28-C381-47B0-9545-94BF995E7F96}
	EndGlobalSection
EndGlobal
